{
  "nodes": {
    "nixpkgs": {
      "locked": {
        "lastModified": 1773524153,
        "narHash": "sha256-VGqRw+oieGCm1faMzDMK+Unt7YRYjsZgoejmcgNmeAQ=",
        "rev": "e9f278faa1d0c2fc835bd331d4666b59b505a410",
        "type": "tarball",
        "url": "https://releases.nixos.org/nixos/25.11/nixos-25.11.7608.e9f278faa1d0/nixexprs.tar.xz"
      },
      "original": {
        "type": "tarball",
        "url": "https://channels.nixos.org/nixos-25.11/nixexprs.tar.xz"
      }
    },
    "root": {
      "inputs": {
        "nixpkgs": "nixpkgs"
      }
    }
  },
  "root": "root",
  "version": 7
}
